
Microsoft Visual Studio Solution File, Format Version 12.00
# Visual Studio Version 17
VisualStudioVersion = 17.11.35327.3
MinimumVisualStudioVersion = 10.0.40219.1
Project("{9A19103F-16F7-4668-BE54-9A1E7A4F7556}") = "Day1Concepts", "Day1Concepts\Day1Concepts.csproj", "{35871EAB-BEF6-4B40-B4D2-ACCF0AE63357}"
EndProject
Project("{9A19103F-16F7-4668-BE54-9A1E7A4F7556}") = "Day2Concepts", "Day2Concepts\Day2Concepts.csproj", "{DC05AC30-40C1-47A1-BD07-44AF5BB6184F}"
EndProject
Project("{9A19103F-16F7-4668-BE54-9A1E7A4F7556}") = "Day3Concepts", "Day3Concepts\Day3Concepts.csproj", "{68CE0018-B728-4480-A3F0-9DCECFCFB1BA}"
EndProject
Project("{9A19103F-16F7-4668-BE54-9A1E7A4F7556}") = "Day4Concepts", "Day4Concepts\Day4Concepts.csproj", "{94262728-1685-46D8-99B8-43658BFE7EBD}"
EndProject
Project("{9A19103F-16F7-4668-BE54-9A1E7A4F7556}") = "Day5Concepts", "Day5Concepts\Day5Concepts.csproj", "{FE83DB3A-C6FE-47E2-95A8-AB423CED0D43}"
EndProject
Project("{9A19103F-16F7-4668-BE54-9A1E7A4F7556}") = "Day6Concepts", "Day6Concepts\Day6Concepts.csproj", "{5A99DD6A-1668-456D-AA2C-86A6231BFA87}"
EndProject
Project("{9A19103F-16F7-4668-BE54-9A1E7A4F7556}") = "Day7Concepts", "Day7Concepts\Day7Concepts.csproj", "{322DF53B-F6D9-4331-8A60-8E34C7159610}"
EndProject
Project("{9A19103F-16F7-4668-BE54-9A1E7A4F7556}") = "Day8Concepts", "Day8Concepts\Day8Concepts.csproj", "{BC030233-2F28-4525-A110-DA878BB5287B}"
EndProject
Project("{9A19103F-16F7-4668-BE54-9A1E7A4F7556}") = "Day9Concepts", "Day9Concepts\Day9Concepts.csproj", "{434001F9-472E-4783-BF56-3F4DE99FD53A}"
EndProject
Project("{9A19103F-16F7-4668-BE54-9A1E7A4F7556}") = "Day10Concepts", "Day10Concepts\Day10Concepts.csproj", "{6E09BCFC-DCB0-4A28-B37D-F791BAFD3FEB}"
EndProject
Project("{9A19103F-16F7-4668-BE54-9A1E7A4F7556}") = "Day11Concepts", "Day11Concepts\Day11Concepts.csproj", "{00FE8B54-B7CA-4366-95C3-4539ADAA3C30}"
EndProject
Project("{9A19103F-16F7-4668-BE54-9A1E7A4F7556}") = "AssemblyOne", "AssemblyOne\AssemblyOne.csproj", "{1423F990-B2D8-4047-9BD7-3093AAD8BAC6}"
EndProject
Project("{9A19103F-16F7-4668-BE54-9A1E7A4F7556}") = "AssemblyTwo", "AssemblyTwo\AssemblyTwo.csproj", "{3EA21F96-E614-44FB-BEF6-38EC1A66F44A}"
EndProject
Project("{9A19103F-16F7-4668-BE54-9A1E7A4F7556}") = "Day12Concepts", "Day12Concepts\Day12Concepts.csproj", "{685BBC3F-10F4-4EF2-958C-5C330F012DCD}"
EndProject
Project("{9A19103F-16F7-4668-BE54-9A1E7A4F7556}") = "Day13Concepts", "Day13Concepts\Day13Concepts.csproj", "{9C2D8EAA-2908-45F6-9C5A-053C6C746E23}"
EndProject
Project("{FAE04EC0-301F-11D3-BF4B-00C04F79EFBC}") = "Day14Concepts", "Day14Concepts\Day14Concepts.csproj", "{D17FFDA5-1CDB-4609-9B57-26C208810BB5}"
EndProject
Project("{FAE04EC0-301F-11D3-BF4B-00C04F79EFBC}") = "Day15Concepts", "Day15Concepts\Day15Concepts.csproj", "{8C8EC54E-F56F-4BC8-88D3-5430D3841B52}"
EndProject
Project("{FAE04EC0-301F-11D3-BF4B-00C04F79EFBC}") = "Day18Concepts", "Day18Concepts\Day18Concepts.csproj", "{9DF9715D-6287-4DFE-85F6-B371B9AB1B1C}"
EndProject
Project("{FAE04EC0-301F-11D3-BF4B-00C04F79EFBC}") = "Day19Concepts", "Day19Concepts\Day19Concepts.csproj", "{A9FDCFFA-7EB8-4136-BD04-06B683024FAA}"
EndProject
Project("{FAE04EC0-301F-11D3-BF4B-00C04F79EFBC}") = "Day20Concepts", "Day20Concepts\Day20Concepts.csproj", "{85F1D268-11F3-4C3D-B69B-493C72AE65CA}"
EndProject
Project("{FAE04EC0-301F-11D3-BF4B-00C04F79EFBC}") = "Day21Concepts", "Day21Concepts\Day21Concepts.csproj", "{6A4E788B-F5F1-4C57-BC20-424AF44603F3}"
EndProject
Project("{FAE04EC0-301F-11D3-BF4B-00C04F79EFBC}") = "Day25Concepts", "Day25Concepts\Day25Concepts.csproj", "{2540F47B-8DA6-4483-8A31-73B3F7718139}"
EndProject
Project("{FAE04EC0-301F-11D3-BF4B-00C04F79EFBC}") = "Day26Concepts", "Day26Concepts\Day26Concepts.csproj", "{582BF002-2CF4-4C99-A043-CFBE96A7D9BE}"
EndProject
Project("{FAE04EC0-301F-11D3-BF4B-00C04F79EFBC}") = "Day27Concepts", "Day27Concepts\Day27Concepts.csproj", "{A917E6E0-C6F5-4C01-BD98-B1CCD37D5FEB}"
EndProject
Project("{FAE04EC0-301F-11D3-BF4B-00C04F79EFBC}") = "Day28Concepts", "Day28Concepts\Day28Concepts.csproj", "{F281391A-7404-4EED-9D1A-4C6CB0150D84}"
EndProject
Project("{FAE04EC0-301F-11D3-BF4B-00C04F79EFBC}") = "Day29Concepts", "Day29Concepts\Day29Concepts.csproj", "{2E609DB7-7B9D-4513-8259-DF221AAEA01C}"
EndProject
Global
	GlobalSection(SolutionConfigurationPlatforms) = preSolution
		Debug|Any CPU = Debug|Any CPU
		Release|Any CPU = Release|Any CPU
	EndGlobalSection
	GlobalSection(ProjectConfigurationPlatforms) = postSolution
		{35871EAB-BEF6-4B40-B4D2-ACCF0AE63357}.Debug|Any CPU.ActiveCfg = Debug|Any CPU
		{35871EAB-BEF6-4B40-B4D2-ACCF0AE63357}.Debug|Any CPU.Build.0 = Debug|Any CPU
		{35871EAB-BEF6-4B40-B4D2-ACCF0AE63357}.Release|Any CPU.ActiveCfg = Release|Any CPU
		{35871EAB-BEF6-4B40-B4D2-ACCF0AE63357}.Release|Any CPU.Build.0 = Release|Any CPU
		{DC05AC30-40C1-47A1-BD07-44AF5BB6184F}.Debug|Any CPU.ActiveCfg = Debug|Any CPU
		{DC05AC30-40C1-47A1-BD07-44AF5BB6184F}.Debug|Any CPU.Build.0 = Debug|Any CPU
		{DC05AC30-40C1-47A1-BD07-44AF5BB6184F}.Release|Any CPU.ActiveCfg = Release|Any CPU
		{DC05AC30-40C1-47A1-BD07-44AF5BB6184F}.Release|Any CPU.Build.0 = Release|Any CPU
		{68CE0018-B728-4480-A3F0-9DCECFCFB1BA}.Debug|Any CPU.ActiveCfg = Debug|Any CPU
		{68CE0018-B728-4480-A3F0-9DCECFCFB1BA}.Debug|Any CPU.Build.0 = Debug|Any CPU
		{68CE0018-B728-4480-A3F0-9DCECFCFB1BA}.Release|Any CPU.ActiveCfg = Release|Any CPU
		{68CE0018-B728-4480-A3F0-9DCECFCFB1BA}.Release|Any CPU.Build.0 = Release|Any CPU
		{94262728-1685-46D8-99B8-43658BFE7EBD}.Debug|Any CPU.ActiveCfg = Debug|Any CPU
		{94262728-1685-46D8-99B8-43658BFE7EBD}.Debug|Any CPU.Build.0 = Debug|Any CPU
		{94262728-1685-46D8-99B8-43658BFE7EBD}.Release|Any CPU.ActiveCfg = Release|Any CPU
		{94262728-1685-46D8-99B8-43658BFE7EBD}.Release|Any CPU.Build.0 = Release|Any CPU
		{FE83DB3A-C6FE-47E2-95A8-AB423CED0D43}.Debug|Any CPU.ActiveCfg = Debug|Any CPU
		{FE83DB3A-C6FE-47E2-95A8-AB423CED0D43}.Debug|Any CPU.Build.0 = Debug|Any CPU
		{FE83DB3A-C6FE-47E2-95A8-AB423CED0D43}.Release|Any CPU.ActiveCfg = Release|Any CPU
		{FE83DB3A-C6FE-47E2-95A8-AB423CED0D43}.Release|Any CPU.Build.0 = Release|Any CPU
		{5A99DD6A-1668-456D-AA2C-86A6231BFA87}.Debug|Any CPU.ActiveCfg = Debug|Any CPU
		{5A99DD6A-1668-456D-AA2C-86A6231BFA87}.Debug|Any CPU.Build.0 = Debug|Any CPU
		{5A99DD6A-1668-456D-AA2C-86A6231BFA87}.Release|Any CPU.ActiveCfg = Release|Any CPU
		{5A99DD6A-1668-456D-AA2C-86A6231BFA87}.Release|Any CPU.Build.0 = Release|Any CPU
		{322DF53B-F6D9-4331-8A60-8E34C7159610}.Debug|Any CPU.ActiveCfg = Debug|Any CPU
		{322DF53B-F6D9-4331-8A60-8E34C7159610}.Debug|Any CPU.Build.0 = Debug|Any CPU
		{322DF53B-F6D9-4331-8A60-8E34C7159610}.Release|Any CPU.ActiveCfg = Release|Any CPU
		{322DF53B-F6D9-4331-8A60-8E34C7159610}.Release|Any CPU.Build.0 = Release|Any CPU
		{BC030233-2F28-4525-A110-DA878BB5287B}.Debug|Any CPU.ActiveCfg = Debug|Any CPU
		{BC030233-2F28-4525-A110-DA878BB5287B}.Debug|Any CPU.Build.0 = Debug|Any CPU
		{BC030233-2F28-4525-A110-DA878BB5287B}.Release|Any CPU.ActiveCfg = Release|Any CPU
		{BC030233-2F28-4525-A110-DA878BB5287B}.Release|Any CPU.Build.0 = Release|Any CPU
		{434001F9-472E-4783-BF56-3F4DE99FD53A}.Debug|Any CPU.ActiveCfg = Debug|Any CPU
		{434001F9-472E-4783-BF56-3F4DE99FD53A}.Debug|Any CPU.Build.0 = Debug|Any CPU
		{434001F9-472E-4783-BF56-3F4DE99FD53A}.Release|Any CPU.ActiveCfg = Release|Any CPU
		{434001F9-472E-4783-BF56-3F4DE99FD53A}.Release|Any CPU.Build.0 = Release|Any CPU
		{6E09BCFC-DCB0-4A28-B37D-F791BAFD3FEB}.Debug|Any CPU.ActiveCfg = Debug|Any CPU
		{6E09BCFC-DCB0-4A28-B37D-F791BAFD3FEB}.Debug|Any CPU.Build.0 = Debug|Any CPU
		{6E09BCFC-DCB0-4A28-B37D-F791BAFD3FEB}.Release|Any CPU.ActiveCfg = Release|Any CPU
		{6E09BCFC-DCB0-4A28-B37D-F791BAFD3FEB}.Release|Any CPU.Build.0 = Release|Any CPU
		{00FE8B54-B7CA-4366-95C3-4539ADAA3C30}.Debug|Any CPU.ActiveCfg = Debug|Any CPU
		{00FE8B54-B7CA-4366-95C3-4539ADAA3C30}.Debug|Any CPU.Build.0 = Debug|Any CPU
		{00FE8B54-B7CA-4366-95C3-4539ADAA3C30}.Release|Any CPU.ActiveCfg = Release|Any CPU
		{00FE8B54-B7CA-4366-95C3-4539ADAA3C30}.Release|Any CPU.Build.0 = Release|Any CPU
		{1423F990-B2D8-4047-9BD7-3093AAD8BAC6}.Debug|Any CPU.ActiveCfg = Debug|Any CPU
		{1423F990-B2D8-4047-9BD7-3093AAD8BAC6}.Debug|Any CPU.Build.0 = Debug|Any CPU
		{1423F990-B2D8-4047-9BD7-3093AAD8BAC6}.Release|Any CPU.ActiveCfg = Release|Any CPU
		{1423F990-B2D8-4047-9BD7-3093AAD8BAC6}.Release|Any CPU.Build.0 = Release|Any CPU
		{3EA21F96-E614-44FB-BEF6-38EC1A66F44A}.Debug|Any CPU.ActiveCfg = Debug|Any CPU
		{3EA21F96-E614-44FB-BEF6-38EC1A66F44A}.Debug|Any CPU.Build.0 = Debug|Any CPU
		{3EA21F96-E614-44FB-BEF6-38EC1A66F44A}.Release|Any CPU.ActiveCfg = Release|Any CPU
		{3EA21F96-E614-44FB-BEF6-38EC1A66F44A}.Release|Any CPU.Build.0 = Release|Any CPU
		{685BBC3F-10F4-4EF2-958C-5C330F012DCD}.Debug|Any CPU.ActiveCfg = Debug|Any CPU
		{685BBC3F-10F4-4EF2-958C-5C330F012DCD}.Debug|Any CPU.Build.0 = Debug|Any CPU
		{685BBC3F-10F4-4EF2-958C-5C330F012DCD}.Release|Any CPU.ActiveCfg = Release|Any CPU
		{685BBC3F-10F4-4EF2-958C-5C330F012DCD}.Release|Any CPU.Build.0 = Release|Any CPU
		{9C2D8EAA-2908-45F6-9C5A-053C6C746E23}.Debug|Any CPU.ActiveCfg = Debug|Any CPU
		{9C2D8EAA-2908-45F6-9C5A-053C6C746E23}.Debug|Any CPU.Build.0 = Debug|Any CPU
		{9C2D8EAA-2908-45F6-9C5A-053C6C746E23}.Release|Any CPU.ActiveCfg = Release|Any CPU
		{9C2D8EAA-2908-45F6-9C5A-053C6C746E23}.Release|Any CPU.Build.0 = Release|Any CPU
		{D17FFDA5-1CDB-4609-9B57-26C208810BB5}.Debug|Any CPU.ActiveCfg = Debug|Any CPU
		{D17FFDA5-1CDB-4609-9B57-26C208810BB5}.Debug|Any CPU.Build.0 = Debug|Any CPU
		{D17FFDA5-1CDB-4609-9B57-26C208810BB5}.Release|Any CPU.ActiveCfg = Release|Any CPU
		{D17FFDA5-1CDB-4609-9B57-26C208810BB5}.Release|Any CPU.Build.0 = Release|Any CPU
		{8C8EC54E-F56F-4BC8-88D3-5430D3841B52}.Debug|Any CPU.ActiveCfg = Debug|Any CPU
		{8C8EC54E-F56F-4BC8-88D3-5430D3841B52}.Debug|Any CPU.Build.0 = Debug|Any CPU
		{8C8EC54E-F56F-4BC8-88D3-5430D3841B52}.Release|Any CPU.ActiveCfg = Release|Any CPU
		{8C8EC54E-F56F-4BC8-88D3-5430D3841B52}.Release|Any CPU.Build.0 = Release|Any CPU
		{9DF9715D-6287-4DFE-85F6-B371B9AB1B1C}.Debug|Any CPU.ActiveCfg = Debug|Any CPU
		{9DF9715D-6287-4DFE-85F6-B371B9AB1B1C}.Debug|Any CPU.Build.0 = Debug|Any CPU
		{9DF9715D-6287-4DFE-85F6-B371B9AB1B1C}.Release|Any CPU.ActiveCfg = Release|Any CPU
		{9DF9715D-6287-4DFE-85F6-B371B9AB1B1C}.Release|Any CPU.Build.0 = Release|Any CPU
		{A9FDCFFA-7EB8-4136-BD04-06B683024FAA}.Debug|Any CPU.ActiveCfg = Debug|Any CPU
		{A9FDCFFA-7EB8-4136-BD04-06B683024FAA}.Debug|Any CPU.Build.0 = Debug|Any CPU
		{A9FDCFFA-7EB8-4136-BD04-06B683024FAA}.Release|Any CPU.ActiveCfg = Release|Any CPU
		{A9FDCFFA-7EB8-4136-BD04-06B683024FAA}.Release|Any CPU.Build.0 = Release|Any CPU
		{85F1D268-11F3-4C3D-B69B-493C72AE65CA}.Debug|Any CPU.ActiveCfg = Debug|Any CPU
		{85F1D268-11F3-4C3D-B69B-493C72AE65CA}.Debug|Any CPU.Build.0 = Debug|Any CPU
		{85F1D268-11F3-4C3D-B69B-493C72AE65CA}.Release|Any CPU.ActiveCfg = Release|Any CPU
		{85F1D268-11F3-4C3D-B69B-493C72AE65CA}.Release|Any CPU.Build.0 = Release|Any CPU
		{6A4E788B-F5F1-4C57-BC20-424AF44603F3}.Debug|Any CPU.ActiveCfg = Debug|Any CPU
		{6A4E788B-F5F1-4C57-BC20-424AF44603F3}.Debug|Any CPU.Build.0 = Debug|Any CPU
		{6A4E788B-F5F1-4C57-BC20-424AF44603F3}.Release|Any CPU.ActiveCfg = Release|Any CPU
		{6A4E788B-F5F1-4C57-BC20-424AF44603F3}.Release|Any CPU.Build.0 = Release|Any CPU
		{2540F47B-8DA6-4483-8A31-73B3F7718139}.Debug|Any CPU.ActiveCfg = Debug|Any CPU
		{2540F47B-8DA6-4483-8A31-73B3F7718139}.Debug|Any CPU.Build.0 = Debug|Any CPU
		{2540F47B-8DA6-4483-8A31-73B3F7718139}.Release|Any CPU.ActiveCfg = Release|Any CPU
		{2540F47B-8DA6-4483-8A31-73B3F7718139}.Release|Any CPU.Build.0 = Release|Any CPU
		{582BF002-2CF4-4C99-A043-CFBE96A7D9BE}.Debug|Any CPU.ActiveCfg = Debug|Any CPU
		{582BF002-2CF4-4C99-A043-CFBE96A7D9BE}.Debug|Any CPU.Build.0 = Debug|Any CPU
		{582BF002-2CF4-4C99-A043-CFBE96A7D9BE}.Release|Any CPU.ActiveCfg = Release|Any CPU
		{582BF002-2CF4-4C99-A043-CFBE96A7D9BE}.Release|Any CPU.Build.0 = Release|Any CPU
		{A917E6E0-C6F5-4C01-BD98-B1CCD37D5FEB}.Debug|Any CPU.ActiveCfg = Debug|Any CPU
		{A917E6E0-C6F5-4C01-BD98-B1CCD37D5FEB}.Debug|Any CPU.Build.0 = Debug|Any CPU
		{A917E6E0-C6F5-4C01-BD98-B1CCD37D5FEB}.Release|Any CPU.ActiveCfg = Release|Any CPU
		{A917E6E0-C6F5-4C01-BD98-B1CCD37D5FEB}.Release|Any CPU.Build.0 = Release|Any CPU
		{F281391A-7404-4EED-9D1A-4C6CB0150D84}.Debug|Any CPU.ActiveCfg = Debug|Any CPU
		{F281391A-7404-4EED-9D1A-4C6CB0150D84}.Debug|Any CPU.Build.0 = Debug|Any CPU
		{F281391A-7404-4EED-9D1A-4C6CB0150D84}.Release|Any CPU.ActiveCfg = Release|Any CPU
		{F281391A-7404-4EED-9D1A-4C6CB0150D84}.Release|Any CPU.Build.0 = Release|Any CPU
		{2E609DB7-7B9D-4513-8259-DF221AAEA01C}.Debug|Any CPU.ActiveCfg = Debug|Any CPU
		{2E609DB7-7B9D-4513-8259-DF221AAEA01C}.Debug|Any CPU.Build.0 = Debug|Any CPU
		{2E609DB7-7B9D-4513-8259-DF221AAEA01C}.Release|Any CPU.ActiveCfg = Release|Any CPU
		{2E609DB7-7B9D-4513-8259-DF221AAEA01C}.Release|Any CPU.Build.0 = Release|Any CPU
	EndGlobalSection
	GlobalSection(SolutionProperties) = preSolution
		HideSolutionNode = FALSE
	EndGlobalSection
	GlobalSection(ExtensibilityGlobals) = postSolution
		SolutionGuid = {6B915EEB-C850-467B-8CCD-E5660E982D0E}
	EndGlobalSection
EndGlobal
